// !$*UTF8*$!
{
	archiveVersion = 1;
	classes = {
	};
	objectVersion = 56;
	objects = {

/* Begin PBXBuildFile section */
		B001 /* CardScannerApp.swift */ = {isa = PBXBuildFile; fileRef = A001 /* CardScannerApp.swift */; };
		B002 /* RootView.swift */ = {isa = PBXBuildFile; fileRef = A002 /* RootView.swift */; };
		B003 /* MainTabView.swift */ = {isa = PBXBuildFile; fileRef = A003 /* MainTabView.swift */; };
		B004 /* Card.swift */ = {isa = PBXBuildFile; fileRef = A004 /* Card.swift */; };
		B005 /* User.swift */ = {isa = PBXBuildFile; fileRef = A005 /* User.swift */; };
		B006 /* Post.swift */ = {isa = PBXBuildFile; fileRef = A006 /* Post.swift */; };
		B007 /* APIService.swift */ = {isa = PBXBuildFile; fileRef = A007 /* APIService.swift */; };
		B008 /* AuthStore.swift */ = {isa = PBXBuildFile; fileRef = A008 /* AuthStore.swift */; };
		B009 /* CameraManager.swift */ = {isa = PBXBuildFile; fileRef = A009 /* CameraManager.swift */; };
		B010 /* AuthView.swift */ = {isa = PBXBuildFile; fileRef = A010 /* AuthView.swift */; };
		B011 /* LoginForm.swift */ = {isa = PBXBuildFile; fileRef = A011 /* LoginForm.swift */; };
		B012 /* ScanView.swift */ = {isa = PBXBuildFile; fileRef = A012 /* ScanView.swift */; };
		B013 /* ScanViewModel.swift */ = {isa = PBXBuildFile; fileRef = A013 /* ScanViewModel.swift */; };
		B014 /* ScanResultSheet.swift */ = {isa = PBXBuildFile; fileRef = A014 /* ScanResultSheet.swift */; };
		B015 /* CollectionView.swift */ = {isa = PBXBuildFile; fileRef = A015 /* CollectionView.swift */; };
		B016 /* CollectionViewModel.swift */ = {isa = PBXBuildFile; fileRef = A016 /* CollectionViewModel.swift */; };
		B017 /* CardDetailView.swift */ = {isa = PBXBuildFile; fileRef = A017 /* CardDetailView.swift */; };
		B018 /* FeedView.swift */ = {isa = PBXBuildFile; fileRef = A018 /* FeedView.swift */; };
		B019 /* FeedViewModel.swift */ = {isa = PBXBuildFile; fileRef = A019 /* FeedViewModel.swift */; };
		B020 /* CommentsView.swift */ = {isa = PBXBuildFile; fileRef = A020 /* CommentsView.swift */; };
		B021 /* ProfileView.swift */ = {isa = PBXBuildFile; fileRef = A021 /* ProfileView.swift */; };
		B022 /* UserSearchView.swift */ = {isa = PBXBuildFile; fileRef = A022 /* UserSearchView.swift */; };
/* End PBXBuildFile section */

/* Begin PBXFileReference section */
		A001 /* CardScannerApp.swift */ = {isa = PBXFileReference; lastKnownFileType = sourcecode.swift; path = CardScannerApp.swift; sourceTree = "<group>"; };
		A002 /* RootView.swift */ = {isa = PBXFileReference; lastKnownFileType = sourcecode.swift; path = RootView.swift; sourceTree = "<group>"; };
		A003 /* MainTabView.swift */ = {isa = PBXFileReference; lastKnownFileType = sourcecode.swift; path = MainTabView.swift; sourceTree = "<group>"; };
		A004 /* Card.swift */ = {isa = PBXFileReference; lastKnownFileType = sourcecode.swift; path = Card.swift; sourceTree = "<group>"; };
		A005 /* User.swift */ = {isa = PBXFileReference; lastKnownFileType = sourcecode.swift; path = User.swift; sourceTree = "<group>"; };
		A006 /* Post.swift */ = {isa = PBXFileReference; lastKnownFileType = sourcecode.swift; path = Post.swift; sourceTree = "<group>"; };
		A007 /* APIService.swift */ = {isa = PBXFileReference; lastKnownFileType = sourcecode.swift; path = APIService.swift; sourceTree = "<group>"; };
		A008 /* AuthStore.swift */ = {isa = PBXFileReference; lastKnownFileType = sourcecode.swift; path = AuthStore.swift; sourceTree = "<group>"; };
		A009 /* CameraManager.swift */ = {isa = PBXFileReference; lastKnownFileType = sourcecode.swift; path = CameraManager.swift; sourceTree = "<group>"; };
		A010 /* AuthView.swift */ = {isa = PBXFileReference; lastKnownFileType = sourcecode.swift; path = AuthView.swift; sourceTree = "<group>"; };
		A011 /* LoginForm.swift */ = {isa = PBXFileReference; lastKnownFileType = sourcecode.swift; path = LoginForm.swift; sourceTree = "<group>"; };
		A012 /* ScanView.swift */ = {isa = PBXFileReference; lastKnownFileType = sourcecode.swift; path = ScanView.swift; sourceTree = "<group>"; };
		A013 /* ScanViewModel.swift */ = {isa = PBXFileReference; lastKnownFileType = sourcecode.swift; path = ScanViewModel.swift; sourceTree = "<group>"; };
		A014 /* ScanResultSheet.swift */ = {isa = PBXFileReference; lastKnownFileType = sourcecode.swift; path = ScanResultSheet.swift; sourceTree = "<group>"; };
		A015 /* CollectionView.swift */ = {isa = PBXFileReference; lastKnownFileType = sourcecode.swift; path = CollectionView.swift; sourceTree = "<group>"; };
		A016 /* CollectionViewModel.swift */ = {isa = PBXFileReference; lastKnownFileType = sourcecode.swift; path = CollectionViewModel.swift; sourceTree = "<group>"; };
		A017 /* CardDetailView.swift */ = {isa = PBXFileReference; lastKnownFileType = sourcecode.swift; path = CardDetailView.swift; sourceTree = "<group>"; };
		A018 /* FeedView.swift */ = {isa = PBXFileReference; lastKnownFileType = sourcecode.swift; path = FeedView.swift; sourceTree = "<group>"; };
		A019 /* FeedViewModel.swift */ = {isa = PBXFileReference; lastKnownFileType = sourcecode.swift; path = FeedViewModel.swift; sourceTree = "<group>"; };
		A020 /* CommentsView.swift */ = {isa = PBXFileReference; lastKnownFileType = sourcecode.swift; path = CommentsView.swift; sourceTree = "<group>"; };
		A021 /* ProfileView.swift */ = {isa = PBXFileReference; lastKnownFileType = sourcecode.swift; path = ProfileView.swift; sourceTree = "<group>"; };
		A022 /* UserSearchView.swift */ = {isa = PBXFileReference; lastKnownFileType = sourcecode.swift; path = UserSearchView.swift; sourceTree = "<group>"; };
		PROD /* CardScanner.app */ = {isa = PBXFileReference; explicitFileType = wrapper.application; includeInIndex = 0; path = CardScanner.app; sourceTree = BUILT_PRODUCTS_DIR; };
/* End PBXFileReference section */

/* Begin PBXGroup section */
		MAINGRP = {
			isa = PBXGroup;
			children = (
				SRCGRP /* CardScanner */,
				PRODUCTS /* Products */,
			);
			sourceTree = "<group>";
		};
		PRODUCTS = {
			isa = PBXGroup;
			children = (
				PROD /* CardScanner.app */,
			);
			name = Products;
			sourceTree = "<group>";
		};
		SRCGRP = {
			isa = PBXGroup;
			children = (
				APPGRP /* App */,
				MODGRP /* Models */,
				SVCGRP /* Services */,
				AUTHGRP /* Views/Auth */,
				SCANGRP /* Views/Scan */,
				COLLGRP /* Views/Collection */,
				SOCGRP /* Views/Social */,
				PROFGRP /* Views/Profile */,
			);
			path = CardScanner;
			sourceTree = "<group>";
		};
		APPGRP = {
			isa = PBXGroup;
			children = (A001, A002, A003);
			path = App;
			sourceTree = "<group>";
		};
		MODGRP = {
			isa = PBXGroup;
			children = (A004, A005, A006);
			path = Models;
			sourceTree = "<group>";
		};
		SVCGRP = {
			isa = PBXGroup;
			children = (A007, A008, A009);
			path = Services;
			sourceTree = "<group>";
		};
		AUTHGRP = {
			isa = PBXGroup;
			children = (A010, A011);
			path = "Views/Auth";
			sourceTree = "<group>";
		};
		SCANGRP = {
			isa = PBXGroup;
			children = (A012, A013, A014);
			path = "Views/Scan";
			sourceTree = "<group>";
		};
		COLLGRP = {
			isa = PBXGroup;
			children = (A015, A016, A017);
			path = "Views/Collection";
			sourceTree = "<group>";
		};
		SOCGRP = {
			isa = PBXGroup;
			children = (A018, A019, A020);
			path = "Views/Social";
			sourceTree = "<group>";
		};
		PROFGRP = {
			isa = PBXGroup;
			children = (A021, A022);
			path = "Views/Profile";
			sourceTree = "<group>";
		};
/* End PBXGroup section */

/* Begin PBXNativeTarget section */
		TARGET = {
			isa = PBXNativeTarget;
			buildConfigurationList = TARGETCFGLIST;
			buildPhases = (
				SOURCESPHASE,
			);
			buildRules = ();
			dependencies = ();
			name = CardScanner;
			productName = CardScanner;
			productReference = PROD;
			productType = "com.apple.product-type.application";
		};
/* End PBXNativeTarget section */

/* Begin PBXProject section */
		PROJECT = {
			isa = PBXProject;
			attributes = {
				LastSwiftUpdateCheck = 1500;
				ORGANIZATIONNAME = "CardScanner";
				TargetAttributes = {
					TARGET = {
						CreatedOnToolsVersion = 15.0;
					};
				};
			};
			buildConfigurationList = PROJCFGLIST;
			compatibilityVersion = "Xcode 14.0";
			mainGroup = MAINGRP;
			productRefGroup = PRODUCTS;
			projectDirPath = "";
			projectRoot = "";
			targets = (TARGET);
		};
/* End PBXProject section */

/* Begin PBXSourcesBuildPhase section */
		SOURCESPHASE = {
			isa = PBXSourcesBuildPhase;
			buildActionMask = 2147483647;
			files = (B001, B002, B003, B004, B005, B006, B007, B008, B009, B010, B011, B012, B013, B014, B015, B016, B017, B018, B019, B020, B021, B022);
			runOnlyForDeploymentPostprocessing = 0;
		};
/* End PBXSourcesBuildPhase section */

/* Begin XCBuildConfiguration section */
		PROJDBG = {
			isa = XCBuildConfiguration;
			buildSettings = {
				ALWAYS_SEARCH_USER_PATHS = NO;
				CLANG_ENABLE_MODULES = YES;
				SWIFT_VERSION = 5.9;
				IPHONEOS_DEPLOYMENT_TARGET = 17.0;
			};
			name = Debug;
		};
		PROJREL = {
			isa = XCBuildConfiguration;
			buildSettings = {
				ALWAYS_SEARCH_USER_PATHS = NO;
				CLANG_ENABLE_MODULES = YES;
				SWIFT_VERSION = 5.9;
				IPHONEOS_DEPLOYMENT_TARGET = 17.0;
			};
			name = Release;
		};
		TGTDBG = {
			isa = XCBuildConfiguration;
			buildSettings = {
				ASSETCATALOG_COMPILER_APPICON_NAME = AppIcon;
				BUNDLE_IDENTIFIER = com.cardscanner.app;
				DEVELOPMENT_TEAM = "";
				INFOPLIST_FILE = CardScanner/Info.plist;
				PRODUCT_BUNDLE_IDENTIFIER = com.cardscanner.app;
				PRODUCT_NAME = CardScanner;
				SWIFT_VERSION = 5.9;
				TARGETED_DEVICE_FAMILY = 1;
				IPHONEOS_DEPLOYMENT_TARGET = 17.0;
			};
			name = Debug;
		};
		TGTREL = {
			isa = XCBuildConfiguration;
			buildSettings = {
				ASSETCATALOG_COMPILER_APPICON_NAME = AppIcon;
				BUNDLE_IDENTIFIER = com.cardscanner.app;
				DEVELOPMENT_TEAM = "";
				INFOPLIST_FILE = CardScanner/Info.plist;
				PRODUCT_BUNDLE_IDENTIFIER = com.cardscanner.app;
				PRODUCT_NAME = CardScanner;
				SWIFT_VERSION = 5.9;
				TARGETED_DEVICE_FAMILY = 1;
				IPHONEOS_DEPLOYMENT_TARGET = 17.0;
			};
			name = Release;
		};
/* End XCBuildConfiguration section */

/* Begin XCConfigurationList section */
		PROJCFGLIST = {
			isa = XCConfigurationList;
			buildConfigurations = (PROJDBG, PROJREL);
			defaultConfigurationIsVisible = 0;
			defaultConfigurationName = Release;
		};
		TARGETCFGLIST = {
			isa = XCConfigurationList;
			buildConfigurations = (TGTDBG, TGTREL);
			defaultConfigurationIsVisible = 0;
			defaultConfigurationName = Release;
		};
/* End XCConfigurationList section */

	};
	rootObject = PROJECT;
}
